Microsoft Visual Studio Solution File, Format Version 12.00
# Visual Studio Version 17
VisualStudioVersion = 17.5.2.0
MinimumVisualStudioVersion = 10.0.40219.1
Project("{FAE04EC0-301F-11D3-BF4B-00C04F79EFBC}") = "ShoppingPlanner_OOP", "ShoppingPlanner_OOP\ShoppingPlanner_OOP.csproj", "{0678FCF8-909D-1457-10AE-7605156384DF}"
EndProject
Project("{FAE04EC0-301F-11D3-BF4B-00C04F79EFBC}") = "ShoppingPlanner_OOP.Tests", "ShoppingPlanner_OOP.Tests\ShoppingPlanner_OOP.Tests.csproj", "{7AA032D9-7113-41FF-AE32-D4235A92606F}"
EndProject
Global
	GlobalSection(SolutionConfigurationPlatforms) = preSolution
		Debug|Any CPU = Debug|Any CPU
		Release|Any CPU = Release|Any CPU
	EndGlobalSection
	GlobalSection(ProjectConfigurationPlatforms) = postSolution
		{0678FCF8-909D-1457-10AE-7605156384DF}.Debug|Any CPU.ActiveCfg = Debug|Any CPU
		{0678FCF8-909D-1457-10AE-7605156384DF}.Debug|Any CPU.Build.0 = Debug|Any CPU
		{0678FCF8-909D-1457-10AE-7605156384DF}.Release|Any CPU.ActiveCfg = Release|Any CPU
		{0678FCF8-909D-1457-10AE-7605156384DF}.Release|Any CPU.Build.0 = Release|Any CPU
		{7AA032D9-7113-41FF-AE32-D4235A92606F}.Debug|Any CPU.ActiveCfg = Debug|Any CPU
		{7AA032D9-7113-41FF-AE32-D4235A92606F}.Debug|Any CPU.Build.0 = Debug|Any CPU
		{7AA032D9-7113-41FF-AE32-D4235A92606F}.Release|Any CPU.ActiveCfg = Release|Any CPU
		{7AA032D9-7113-41FF-AE32-D4235A92606F}.Release|Any CPU.Build.0 = Release|Any CPU
	EndGlobalSection
	GlobalSection(SolutionProperties) = preSolution
		HideSolutionNode = FALSE
	EndGlobalSection
	GlobalSection(ExtensibilityGlobals) = postSolution
		SolutionGuid = {B59637F3-EEFC-4C11-8F9C-94AE9EF16E46}
	EndGlobalSection
EndGlobal